
Microsoft Visual Studio Solution File, Format Version 12.00
# Visual Studio Version 16
VisualStudioVersion = 16.0.30204.135
MinimumVisualStudioVersion = 10.0.40219.1
Project("{FAE04EC0-301F-11D3-BF4B-00C04F79EFBC}") = "DirectoryApi", "DirectoryApi.csproj", "{FC247801-5642-4DA1-AF6A-FAE8E76464FD}"
EndProject
Global
	GlobalSection(SolutionConfigurationPlatforms) = preSolution
		Debug|Any CPU = Debug|Any CPU
		Release|Any CPU = Release|Any CPU
	EndGlobalSection
	GlobalSection(ProjectConfigurationPlatforms) = postSolution
		{FC247801-5642-4DA1-AF6A-FAE8E76464FD}.Debug|Any CPU.ActiveCfg = Debug|Any CPU
		{FC247801-5642-4DA1-AF6A-FAE8E76464FD}.Debug|Any CPU.Build.0 = Debug|Any CPU
		{FC247801-5642-4DA1-AF6A-FAE8E76464FD}.Release|Any CPU.ActiveCfg = Release|Any CPU
		{FC247801-5642-4DA1-AF6A-FAE8E76464FD}.Release|Any CPU.Build.0 = Release|Any CPU
	EndGlobalSection
	GlobalSection(SolutionProperties) = preSolution
		HideSolutionNode = FALSE
	EndGlobalSection
	GlobalSection(ExtensibilityGlobals) = postSolution
		SolutionGuid = {0D679623-9735-41B3-87A7-8BCC0A75E049}
	EndGlobalSection
EndGlobal
